// !$*UTF8*$!
{
	archiveVersion = 1;
	classes = {
	};
	objectVersion = 50;
	objects = {

/* Begin PBXBuildFile section */
		ED2153FC25AD6A1E003973D7 /* GraphQL+SetApplePushToken.swift in Sources */ = {isa = PBXBuildFile; fileRef = ED2153FB25AD6A1E003973D7 /* GraphQL+SetApplePushToken.swift */; };
		ED2153FF25AD9308003973D7 /* RequestPushNotification.swift in Sources */ = {isa = PBXBuildFile; fileRef = ED2153FE25AD9308003973D7 /* RequestPushNotification.swift */; };
		ED21540225AF564B003973D7 /* ErrorStore.swift in Sources */ = {isa = PBXBuildFile; fileRef = ED21540125AF564A003973D7 /* ErrorStore.swift */; };
		ED26B14E251C969A00957F06 /* PushService.swift in Sources */ = {isa = PBXBuildFile; fileRef = ED26B14D251C969A00957F06 /* PushService.swift */; };
		ED26B151251C9D4200957F06 /* User.swift in Sources */ = {isa = PBXBuildFile; fileRef = ED26B150251C9D4200957F06 /* User.swift */; };
		ED26B153251C9EF400957F06 /* ApiService.swift in Sources */ = {isa = PBXBuildFile; fileRef = ED26B152251C9EF400957F06 /* ApiService.swift */; };
		ED3C37DE25651799006F550B /* PartnerSearchView.swift in Sources */ = {isa = PBXBuildFile; fileRef = ED3C37DD25651799006F550B /* PartnerSearchView.swift */; };
		ED3C37F725651F50006F550B /* GetMe.graphql in Resources */ = {isa = PBXBuildFile; fileRef = ED3C37F525651F4F006F550B /* GetMe.graphql */; };
		ED3C37FC256523A0006F550B /* SignupAsAnonymous.graphql in Resources */ = {isa = PBXBuildFile; fileRef = ED3C37FB256523A0006F550B /* SignupAsAnonymous.graphql */; };
		ED3C37FF2565249F006F550B /* SearchPartner.graphql in Resources */ = {isa = PBXBuildFile; fileRef = ED3C37FE2565249F006F550B /* SearchPartner.graphql */; };
		ED3C3803256559AE006F550B /* SendPartnerRequest.graphql in Resources */ = {isa = PBXBuildFile; fileRef = ED3C3802256559AE006F550B /* SendPartnerRequest.graphql */; };
		ED3C38062566A26C006F550B /* FirstView.swift in Sources */ = {isa = PBXBuildFile; fileRef = ED3C38052566A26C006F550B /* FirstView.swift */; };
		ED3C38092567A9CD006F550B /* PartnerCard.swift in Sources */ = {isa = PBXBuildFile; fileRef = ED3C38082567A9CD006F550B /* PartnerCard.swift */; };
		ED3C38112567B2A0006F550B /* Color.swift in Sources */ = {isa = PBXBuildFile; fileRef = ED3C38102567B2A0006F550B /* Color.swift */; };
		ED4FE189251E61A20009420C /* CallService.swift in Sources */ = {isa = PBXBuildFile; fileRef = ED4FE188251E61A20009420C /* CallService.swift */; };
		ED51EB09252B14A200E9959B /* SkyWay.framework in Frameworks */ = {isa = PBXBuildFile; fileRef = ED51EB08252B14A200E9959B /* SkyWay.framework */; };
		ED51EB0A252B14A200E9959B /* SkyWay.framework in Embed Frameworks */ = {isa = PBXBuildFile; fileRef = ED51EB08252B14A200E9959B /* SkyWay.framework */; settings = {ATTRIBUTES = (CodeSignOnCopy, RemoveHeadersOnCopy, ); }; };
		ED51EB0E252B16B200E9959B /* CallSessionManager.swift in Sources */ = {isa = PBXBuildFile; fileRef = ED51EB0D252B16B200E9959B /* CallSessionManager.swift */; };
		ED54ED5025835B0D00E01A41 /* RelationshipView.swift in Sources */ = {isa = PBXBuildFile; fileRef = ED54ED4F25835B0D00E01A41 /* RelationshipView.swift */; };
		ED80F0E625A45D5800FE094D /* OnboardingView.swift in Sources */ = {isa = PBXBuildFile; fileRef = ED80F0E525A45D5800FE094D /* OnboardingView.swift */; };
		ED80F0E925A6AABB00FE094D /* GraphQL.swift in Sources */ = {isa = PBXBuildFile; fileRef = ED80F0E825A6AABB00FE094D /* GraphQL.swift */; };
		ED80F0EC25A6AB0300FE094D /* GraphQL+GetMe.swift in Sources */ = {isa = PBXBuildFile; fileRef = ED80F0EB25A6AB0300FE094D /* GraphQL+GetMe.swift */; };
		ED80F0EF25A6C41100FE094D /* GraphQL+SignupAsAnonymous.swift in Sources */ = {isa = PBXBuildFile; fileRef = ED80F0EE25A6C41100FE094D /* GraphQL+SignupAsAnonymous.swift */; };
		ED80F0F325A6F2A400FE094D /* GraphQL+SendPartnerRequest.swift in Sources */ = {isa = PBXBuildFile; fileRef = ED80F0F225A6F2A400FE094D /* GraphQL+SendPartnerRequest.swift */; };
		ED80F0F625A6F4BE00FE094D /* GraphQL+AcceptPartnerRequest.swift in Sources */ = {isa = PBXBuildFile; fileRef = ED80F0F525A6F4BE00FE094D /* GraphQL+AcceptPartnerRequest.swift */; };
		ED80F0F925A6F6B600FE094D /* GraphQL+AddCallSchedule.swift in Sources */ = {isa = PBXBuildFile; fileRef = ED80F0F825A6F6B600FE094D /* GraphQL+AddCallSchedule.swift */; };
		ED80F0FC25A829E500FE094D /* GraphQLTests.swift in Sources */ = {isa = PBXBuildFile; fileRef = ED80F0FB25A829E400FE094D /* GraphQLTests.swift */; };
		ED80F10025A8510F00FE094D /* GraphQL+SearchPartner.swift in Sources */ = {isa = PBXBuildFile; fileRef = ED80F0FF25A8510E00FE094D /* GraphQL+SearchPartner.swift */; };
		ED878A4F2514A3B60030A575 /* AppDelegate.swift in Sources */ = {isa = PBXBuildFile; fileRef = ED878A4E2514A3B60030A575 /* AppDelegate.swift */; };
		ED878A512514A3B60030A575 /* SceneDelegate.swift in Sources */ = {isa = PBXBuildFile; fileRef = ED878A502514A3B60030A575 /* SceneDelegate.swift */; };
		ED878A552514A3B90030A575 /* Assets.xcassets in Resources */ = {isa = PBXBuildFile; fileRef = ED878A542514A3B90030A575 /* Assets.xcassets */; };
		ED878A582514A3B90030A575 /* Preview Assets.xcassets in Resources */ = {isa = PBXBuildFile; fileRef = ED878A572514A3B90030A575 /* Preview Assets.xcassets */; };
		ED878A5B2514A3B90030A575 /* LaunchScreen.storyboard in Resources */ = {isa = PBXBuildFile; fileRef = ED878A592514A3B90030A575 /* LaunchScreen.storyboard */; };
		ED878A662514A3B90030A575 /* minaTests.swift in Sources */ = {isa = PBXBuildFile; fileRef = ED878A652514A3B90030A575 /* minaTests.swift */; };
		ED878A752514FF730030A575 /* SigninWithAppleButton.swift in Sources */ = {isa = PBXBuildFile; fileRef = ED878A742514FF730030A575 /* SigninWithAppleButton.swift */; };
		ED878A79251B65460030A575 /* KeychainService.swift in Sources */ = {isa = PBXBuildFile; fileRef = ED878A78251B65460030A575 /* KeychainService.swift */; };
		EDC497782567C5CB0053B1F1 /* Relationship.swift in Sources */ = {isa = PBXBuildFile; fileRef = EDC497772567C5CB0053B1F1 /* Relationship.swift */; };
		EDC4977C2567CAD00053B1F1 /* Card.swift in Sources */ = {isa = PBXBuildFile; fileRef = EDC4977B2567CAD00053B1F1 /* Card.swift */; };
		EDC49784256D037F0053B1F1 /* PartnerRequest.swift in Sources */ = {isa = PBXBuildFile; fileRef = EDC49783256D037F0053B1F1 /* PartnerRequest.swift */; };
		EDC4978B256E773C0053B1F1 /* AcceptPartnerRequest.graphql in Resources */ = {isa = PBXBuildFile; fileRef = EDC4978A256E773C0053B1F1 /* AcceptPartnerRequest.graphql */; };
		EDC4978F2570DD5E0053B1F1 /* RelationshipTest.swift in Sources */ = {isa = PBXBuildFile; fileRef = EDC4978E2570DD5E0053B1F1 /* RelationshipTest.swift */; };
		EDD036F0258391B2000C75CE /* AddCallScheduleView.swift in Sources */ = {isa = PBXBuildFile; fileRef = EDD036EF258391B2000C75CE /* AddCallScheduleView.swift */; };
		EDD036F32583CAFD000C75CE /* AddCallSchedule.graphql in Resources */ = {isa = PBXBuildFile; fileRef = EDD036F22583CAFD000C75CE /* AddCallSchedule.graphql */; };
		EDFDC8F6252CBCB5004E0C00 /* VideoView.swift in Sources */ = {isa = PBXBuildFile; fileRef = EDFDC8F5252CBCB5004E0C00 /* VideoView.swift */; };
		EDFDC8FA252CBD0F004E0C00 /* VideoWindow.swift in Sources */ = {isa = PBXBuildFile; fileRef = EDFDC8F9252CBD0F004E0C00 /* VideoWindow.swift */; };
		EDFDC8FD252D7CA0004E0C00 /* SkyWayService.swift in Sources */ = {isa = PBXBuildFile; fileRef = EDFDC8FC252D7CA0004E0C00 /* SkyWayService.swift */; };
		EDFDC900252E1A0C004E0C00 /* RootView.swift in Sources */ = {isa = PBXBuildFile; fileRef = EDFDC8FF252E1A0C004E0C00 /* RootView.swift */; };
		EDFDC904252E1AEC004E0C00 /* Store.swift in Sources */ = {isa = PBXBuildFile; fileRef = EDFDC903252E1AEC004E0C00 /* Store.swift */; };
		EDFDC90A25303189004E0C00 /* secrets.plist in Resources */ = {isa = PBXBuildFile; fileRef = EDFDC90925303189004E0C00 /* secrets.plist */; };
		EDFDC90D253031F1004E0C00 /* secrets.template.plist in Resources */ = {isa = PBXBuildFile; fileRef = EDFDC90C253031F1004E0C00 /* secrets.template.plist */; };
		EDFDC910253033FF004E0C00 /* Secrets.swift in Sources */ = {isa = PBXBuildFile; fileRef = EDFDC90F253033FF004E0C00 /* Secrets.swift */; };
/* End PBXBuildFile section */

/* Begin PBXContainerItemProxy section */
		ED878A622514A3B90030A575 /* PBXContainerItemProxy */ = {
			isa = PBXContainerItemProxy;
			containerPortal = ED878A432514A3B60030A575 /* Project object */;
			proxyType = 1;
			remoteGlobalIDString = ED878A4A2514A3B60030A575;
			remoteInfo = mina;
		};
/* End PBXContainerItemProxy section */

/* Begin PBXCopyFilesBuildPhase section */
		ED51EB03252AFFEF00E9959B /* Embed Frameworks */ = {
			isa = PBXCopyFilesBuildPhase;
			buildActionMask = 2147483647;
			dstPath = "";
			dstSubfolderSpec = 10;
			files = (
				ED51EB0A252B14A200E9959B /* SkyWay.framework in Embed Frameworks */,
			);
			name = "Embed Frameworks";
			runOnlyForDeploymentPostprocessing = 0;
		};
/* End PBXCopyFilesBuildPhase section */

/* Begin PBXFileReference section */
		ED2153FB25AD6A1E003973D7 /* GraphQL+SetApplePushToken.swift */ = {isa = PBXFileReference; lastKnownFileType = sourcecode.swift; path = "GraphQL+SetApplePushToken.swift"; sourceTree = "<group>"; };
		ED2153FE25AD9308003973D7 /* RequestPushNotification.swift */ = {isa = PBXFileReference; lastKnownFileType = sourcecode.swift; path = RequestPushNotification.swift; sourceTree = "<group>"; };
		ED21540125AF564A003973D7 /* ErrorStore.swift */ = {isa = PBXFileReference; lastKnownFileType = sourcecode.swift; path = ErrorStore.swift; sourceTree = "<group>"; };
		ED26B14D251C969A00957F06 /* PushService.swift */ = {isa = PBXFileReference; lastKnownFileType = sourcecode.swift; path = PushService.swift; sourceTree = "<group>"; };
		ED26B150251C9D4200957F06 /* User.swift */ = {isa = PBXFileReference; lastKnownFileType = sourcecode.swift; path = User.swift; sourceTree = "<group>"; };
		ED26B152251C9EF400957F06 /* ApiService.swift */ = {isa = PBXFileReference; lastKnownFileType = sourcecode.swift; path = ApiService.swift; sourceTree = "<group>"; };
		ED3C37DD25651799006F550B /* PartnerSearchView.swift */ = {isa = PBXFileReference; lastKnownFileType = sourcecode.swift; path = PartnerSearchView.swift; sourceTree = "<group>"; };
		ED3C37F525651F4F006F550B /* GetMe.graphql */ = {isa = PBXFileReference; fileEncoding = 4; lastKnownFileType = text; path = GetMe.graphql; sourceTree = "<group>"; };
		ED3C37FB256523A0006F550B /* SignupAsAnonymous.graphql */ = {isa = PBXFileReference; lastKnownFileType = text; path = SignupAsAnonymous.graphql; sourceTree = "<group>"; };
		ED3C37FE2565249F006F550B /* SearchPartner.graphql */ = {isa = PBXFileReference; lastKnownFileType = text; path = SearchPartner.graphql; sourceTree = "<group>"; };
		ED3C3802256559AE006F550B /* SendPartnerRequest.graphql */ = {isa = PBXFileReference; lastKnownFileType = text; path = SendPartnerRequest.graphql; sourceTree = "<group>"; };
		ED3C38052566A26C006F550B /* FirstView.swift */ = {isa = PBXFileReference; lastKnownFileType = sourcecode.swift; path = FirstView.swift; sourceTree = "<group>"; };
		ED3C38082567A9CD006F550B /* PartnerCard.swift */ = {isa = PBXFileReference; lastKnownFileType = sourcecode.swift; path = PartnerCard.swift; sourceTree = "<group>"; };
		ED3C38102567B2A0006F550B /* Color.swift */ = {isa = PBXFileReference; lastKnownFileType = sourcecode.swift; path = Color.swift; sourceTree = "<group>"; };
		ED4FE188251E61A20009420C /* CallService.swift */ = {isa = PBXFileReference; lastKnownFileType = sourcecode.swift; path = CallService.swift; sourceTree = "<group>"; };
		ED51EB08252B14A200E9959B /* SkyWay.framework */ = {isa = PBXFileReference; lastKnownFileType = wrapper.framework; name = SkyWay.framework; path = Frameworks/SkyWay.framework; sourceTree = "<group>"; };
		ED51EB0D252B16B200E9959B /* CallSessionManager.swift */ = {isa = PBXFileReference; lastKnownFileType = sourcecode.swift; path = CallSessionManager.swift; sourceTree = "<group>"; };
		ED54ED4F25835B0D00E01A41 /* RelationshipView.swift */ = {isa = PBXFileReference; lastKnownFileType = sourcecode.swift; path = RelationshipView.swift; sourceTree = "<group>"; };
		ED80F0E525A45D5800FE094D /* OnboardingView.swift */ = {isa = PBXFileReference; lastKnownFileType = sourcecode.swift; path = OnboardingView.swift; sourceTree = "<group>"; };
		ED80F0E825A6AABB00FE094D /* GraphQL.swift */ = {isa = PBXFileReference; lastKnownFileType = sourcecode.swift; path = GraphQL.swift; sourceTree = "<group>"; };
		ED80F0EB25A6AB0300FE094D /* GraphQL+GetMe.swift */ = {isa = PBXFileReference; lastKnownFileType = sourcecode.swift; path = "GraphQL+GetMe.swift"; sourceTree = "<group>"; };
		ED80F0EE25A6C41100FE094D /* GraphQL+SignupAsAnonymous.swift */ = {isa = PBXFileReference; lastKnownFileType = sourcecode.swift; path = "GraphQL+SignupAsAnonymous.swift"; sourceTree = "<group>"; };
		ED80F0F225A6F2A400FE094D /* GraphQL+SendPartnerRequest.swift */ = {isa = PBXFileReference; lastKnownFileType = sourcecode.swift; path = "GraphQL+SendPartnerRequest.swift"; sourceTree = "<group>"; };
		ED80F0F525A6F4BE00FE094D /* GraphQL+AcceptPartnerRequest.swift */ = {isa = PBXFileReference; lastKnownFileType = sourcecode.swift; path = "GraphQL+AcceptPartnerRequest.swift"; sourceTree = "<group>"; };
		ED80F0F825A6F6B600FE094D /* GraphQL+AddCallSchedule.swift */ = {isa = PBXFileReference; lastKnownFileType = sourcecode.swift; path = "GraphQL+AddCallSchedule.swift"; sourceTree = "<group>"; };
		ED80F0FB25A829E400FE094D /* GraphQLTests.swift */ = {isa = PBXFileReference; lastKnownFileType = sourcecode.swift; path = GraphQLTests.swift; sourceTree = "<group>"; };
		ED80F0FF25A8510E00FE094D /* GraphQL+SearchPartner.swift */ = {isa = PBXFileReference; lastKnownFileType = sourcecode.swift; path = "GraphQL+SearchPartner.swift"; sourceTree = "<group>"; };
		ED878A4B2514A3B60030A575 /* mina.app */ = {isa = PBXFileReference; explicitFileType = wrapper.application; includeInIndex = 0; path = mina.app; sourceTree = BUILT_PRODUCTS_DIR; };
		ED878A4E2514A3B60030A575 /* AppDelegate.swift */ = {isa = PBXFileReference; lastKnownFileType = sourcecode.swift; path = AppDelegate.swift; sourceTree = "<group>"; };
		ED878A502514A3B60030A575 /* SceneDelegate.swift */ = {isa = PBXFileReference; lastKnownFileType = sourcecode.swift; path = SceneDelegate.swift; sourceTree = "<group>"; };
		ED878A542514A3B90030A575 /* Assets.xcassets */ = {isa = PBXFileReference; lastKnownFileType = folder.assetcatalog; path = Assets.xcassets; sourceTree = "<group>"; };
		ED878A572514A3B90030A575 /* Preview Assets.xcassets */ = {isa = PBXFileReference; lastKnownFileType = folder.assetcatalog; path = "Preview Assets.xcassets"; sourceTree = "<group>"; };
		ED878A5A2514A3B90030A575 /* Base */ = {isa = PBXFileReference; lastKnownFileType = file.storyboard; name = Base; path = Base.lproj/LaunchScreen.storyboard; sourceTree = "<group>"; };
		ED878A5C2514A3B90030A575 /* Info.plist */ = {isa = PBXFileReference; lastKnownFileType = text.plist.xml; path = Info.plist; sourceTree = "<group>"; };
		ED878A612514A3B90030A575 /* minaTests.xctest */ = {isa = PBXFileReference; explicitFileType = wrapper.cfbundle; includeInIndex = 0; path = minaTests.xctest; sourceTree = BUILT_PRODUCTS_DIR; };
		ED878A652514A3B90030A575 /* minaTests.swift */ = {isa = PBXFileReference; lastKnownFileType = sourcecode.swift; path = minaTests.swift; sourceTree = "<group>"; };
		ED878A672514A3B90030A575 /* Info.plist */ = {isa = PBXFileReference; lastKnownFileType = text.plist.xml; path = Info.plist; sourceTree = "<group>"; };
		ED878A732514F32E0030A575 /* mina.entitlements */ = {isa = PBXFileReference; lastKnownFileType = text.plist.entitlements; path = mina.entitlements; sourceTree = "<group>"; };
		ED878A742514FF730030A575 /* SigninWithAppleButton.swift */ = {isa = PBXFileReference; lastKnownFileType = sourcecode.swift; path = SigninWithAppleButton.swift; sourceTree = "<group>"; };
		ED878A78251B65460030A575 /* KeychainService.swift */ = {isa = PBXFileReference; lastKnownFileType = sourcecode.swift; path = KeychainService.swift; sourceTree = "<group>"; };
		EDC497772567C5CB0053B1F1 /* Relationship.swift */ = {isa = PBXFileReference; lastKnownFileType = sourcecode.swift; path = Relationship.swift; sourceTree = "<group>"; };
		EDC4977B2567CAD00053B1F1 /* Card.swift */ = {isa = PBXFileReference; lastKnownFileType = sourcecode.swift; path = Card.swift; sourceTree = "<group>"; };
		EDC49783256D037F0053B1F1 /* PartnerRequest.swift */ = {isa = PBXFileReference; lastKnownFileType = sourcecode.swift; path = PartnerRequest.swift; sourceTree = "<group>"; };
		EDC4978A256E773C0053B1F1 /* AcceptPartnerRequest.graphql */ = {isa = PBXFileReference; lastKnownFileType = text; path = AcceptPartnerRequest.graphql; sourceTree = "<group>"; };
		EDC4978E2570DD5E0053B1F1 /* RelationshipTest.swift */ = {isa = PBXFileReference; lastKnownFileType = sourcecode.swift; path = RelationshipTest.swift; sourceTree = "<group>"; };
		EDD036EF258391B2000C75CE /* AddCallScheduleView.swift */ = {isa = PBXFileReference; lastKnownFileType = sourcecode.swift; path = AddCallScheduleView.swift; sourceTree = "<group>"; };
		EDD036F22583CAFD000C75CE /* AddCallSchedule.graphql */ = {isa = PBXFileReference; lastKnownFileType = text; path = AddCallSchedule.graphql; sourceTree = "<group>"; };
		EDFDC8F5252CBCB5004E0C00 /* VideoView.swift */ = {isa = PBXFileReference; lastKnownFileType = sourcecode.swift; path = VideoView.swift; sourceTree = "<group>"; };
		EDFDC8F9252CBD0F004E0C00 /* VideoWindow.swift */ = {isa = PBXFileReference; lastKnownFileType = sourcecode.swift; path = VideoWindow.swift; sourceTree = "<group>"; };
		EDFDC8FC252D7CA0004E0C00 /* SkyWayService.swift */ = {isa = PBXFileReference; lastKnownFileType = sourcecode.swift; path = SkyWayService.swift; sourceTree = "<group>"; };
		EDFDC8FF252E1A0C004E0C00 /* RootView.swift */ = {isa = PBXFileReference; lastKnownFileType = sourcecode.swift; path = RootView.swift; sourceTree = "<group>"; };
		EDFDC903252E1AEC004E0C00 /* Store.swift */ = {isa = PBXFileReference; lastKnownFileType = sourcecode.swift; path = Store.swift; sourceTree = "<group>"; };
		EDFDC90925303189004E0C00 /* secrets.plist */ = {isa = PBXFileReference; lastKnownFileType = text.plist.xml; path = secrets.plist; sourceTree = "<group>"; };
		EDFDC90C253031F1004E0C00 /* secrets.template.plist */ = {isa = PBXFileReference; lastKnownFileType = text.plist.xml; path = secrets.template.plist; sourceTree = "<group>"; };
		EDFDC90F253033FF004E0C00 /* Secrets.swift */ = {isa = PBXFileReference; lastKnownFileType = sourcecode.swift; path = Secrets.swift; sourceTree = "<group>"; };
/* End PBXFileReference section */

/* Begin PBXFrameworksBuildPhase section */
		ED878A482514A3B60030A575 /* Frameworks */ = {
			isa = PBXFrameworksBuildPhase;
			buildActionMask = 2147483647;
			files = (
				ED51EB09252B14A200E9959B /* SkyWay.framework in Frameworks */,
			);
			runOnlyForDeploymentPostprocessing = 0;
		};
		ED878A5E2514A3B90030A575 /* Frameworks */ = {
			isa = PBXFrameworksBuildPhase;
			buildActionMask = 2147483647;
			files = (
			);
			runOnlyForDeploymentPostprocessing = 0;
		};
/* End PBXFrameworksBuildPhase section */

/* Begin PBXGroup section */
		ED26B14F251C9D2700957F06 /* Models */ = {
			isa = PBXGroup;
			children = (
				ED26B150251C9D4200957F06 /* User.swift */,
				EDC497772567C5CB0053B1F1 /* Relationship.swift */,
				EDC49783256D037F0053B1F1 /* PartnerRequest.swift */,
			);
			path = Models;
			sourceTree = "<group>";
		};
		ED3C37EF25651EE8006F550B /* GraphQL */ = {
			isa = PBXGroup;
			children = (
				ED3C37F525651F4F006F550B /* GetMe.graphql */,
				ED3C37FB256523A0006F550B /* SignupAsAnonymous.graphql */,
				ED3C37FE2565249F006F550B /* SearchPartner.graphql */,
				ED3C3802256559AE006F550B /* SendPartnerRequest.graphql */,
				EDC4978A256E773C0053B1F1 /* AcceptPartnerRequest.graphql */,
				EDD036F22583CAFD000C75CE /* AddCallSchedule.graphql */,
				ED80F0E825A6AABB00FE094D /* GraphQL.swift */,
				ED80F0EB25A6AB0300FE094D /* GraphQL+GetMe.swift */,
				ED80F0EE25A6C41100FE094D /* GraphQL+SignupAsAnonymous.swift */,
				ED80F0F225A6F2A400FE094D /* GraphQL+SendPartnerRequest.swift */,
				ED80F0F525A6F4BE00FE094D /* GraphQL+AcceptPartnerRequest.swift */,
				ED80F0F825A6F6B600FE094D /* GraphQL+AddCallSchedule.swift */,
				ED80F0FF25A8510E00FE094D /* GraphQL+SearchPartner.swift */,
				ED2153FB25AD6A1E003973D7 /* GraphQL+SetApplePushToken.swift */,
			);
			path = GraphQL;
			sourceTree = "<group>";
		};
		ED51EB07252B14A200E9959B /* Frameworks */ = {
			isa = PBXGroup;
			children = (
				ED51EB08252B14A200E9959B /* SkyWay.framework */,
			);
			name = Frameworks;
			sourceTree = "<group>";
		};
		ED54ED5225835B1800E01A41 /* Views */ = {
			isa = PBXGroup;
			children = (
				EDFDC8FF252E1A0C004E0C00 /* RootView.swift */,
				ED3C38052566A26C006F550B /* FirstView.swift */,
				EDFDC8F5252CBCB5004E0C00 /* VideoView.swift */,
				ED54ED4F25835B0D00E01A41 /* RelationshipView.swift */,
				ED3C37DD25651799006F550B /* PartnerSearchView.swift */,
				EDD036EF258391B2000C75CE /* AddCallScheduleView.swift */,
				ED80F0E525A45D5800FE094D /* OnboardingView.swift */,
				ED2153FE25AD9308003973D7 /* RequestPushNotification.swift */,
			);
			path = Views;
			sourceTree = "<group>";
		};
		ED878A422514A3B60030A575 = {
			isa = PBXGroup;
			children = (
				ED878A4D2514A3B60030A575 /* mina */,
				ED878A642514A3B90030A575 /* minaTests */,
				ED878A4C2514A3B60030A575 /* Products */,
				ED51EB07252B14A200E9959B /* Frameworks */,
			);
			sourceTree = "<group>";
		};
		ED878A4C2514A3B60030A575 /* Products */ = {
			isa = PBXGroup;
			children = (
				ED878A4B2514A3B60030A575 /* mina.app */,
				ED878A612514A3B90030A575 /* minaTests.xctest */,
			);
			name = Products;
			sourceTree = "<group>";
		};
		ED878A4D2514A3B60030A575 /* mina */ = {
			isa = PBXGroup;
			children = (
				ED878A732514F32E0030A575 /* mina.entitlements */,
				ED878A4E2514A3B60030A575 /* AppDelegate.swift */,
				ED878A502514A3B60030A575 /* SceneDelegate.swift */,
				EDFDC903252E1AEC004E0C00 /* Store.swift */,
				ED21540125AF564A003973D7 /* ErrorStore.swift */,
				ED878A542514A3B90030A575 /* Assets.xcassets */,
				ED878A592514A3B90030A575 /* LaunchScreen.storyboard */,
				ED878A5C2514A3B90030A575 /* Info.plist */,
				ED54ED5225835B1800E01A41 /* Views */,
				ED878A76251B63DE0030A575 /* Components */,
				ED3C37EF25651EE8006F550B /* GraphQL */,
				ED26B14F251C9D2700957F06 /* Models */,
				EDFDC8F3252C731D004E0C00 /* Manager */,
				ED878A77251B63F60030A575 /* Services */,
				EDFDC9082530314C004E0C00 /* Secrets */,
				ED878A562514A3B90030A575 /* Preview Content */,
			);
			path = mina;
			sourceTree = "<group>";
		};
		ED878A562514A3B90030A575 /* Preview Content */ = {
			isa = PBXGroup;
			children = (
				ED878A572514A3B90030A575 /* Preview Assets.xcassets */,
			);
			path = "Preview Content";
			sourceTree = "<group>";
		};
		ED878A642514A3B90030A575 /* minaTests */ = {
			isa = PBXGroup;
			children = (
				ED878A652514A3B90030A575 /* minaTests.swift */,
				EDC4978E2570DD5E0053B1F1 /* RelationshipTest.swift */,
				ED80F0FB25A829E400FE094D /* GraphQLTests.swift */,
				ED878A672514A3B90030A575 /* Info.plist */,
			);
			path = minaTests;
			sourceTree = "<group>";
		};
		ED878A76251B63DE0030A575 /* Components */ = {
			isa = PBXGroup;
			children = (
				ED878A742514FF730030A575 /* SigninWithAppleButton.swift */,
				EDFDC8F9252CBD0F004E0C00 /* VideoWindow.swift */,
				ED3C38082567A9CD006F550B /* PartnerCard.swift */,
				ED3C38102567B2A0006F550B /* Color.swift */,
				EDC4977B2567CAD00053B1F1 /* Card.swift */,
			);
			path = Components;
			sourceTree = "<group>";
		};
		ED878A77251B63F60030A575 /* Services */ = {
			isa = PBXGroup;
			children = (
				ED26B14D251C969A00957F06 /* PushService.swift */,
				ED4FE188251E61A20009420C /* CallService.swift */,
				ED878A78251B65460030A575 /* KeychainService.swift */,
				ED26B152251C9EF400957F06 /* ApiService.swift */,
				EDFDC8FC252D7CA0004E0C00 /* SkyWayService.swift */,
			);
			path = Services;
			sourceTree = "<group>";
		};
		EDFDC8F3252C731D004E0C00 /* Manager */ = {
			isa = PBXGroup;
			children = (
				ED51EB0D252B16B200E9959B /* CallSessionManager.swift */,
			);
			path = Manager;
			sourceTree = "<group>";
		};
		EDFDC9082530314C004E0C00 /* Secrets */ = {
			isa = PBXGroup;
			children = (
				EDFDC90925303189004E0C00 /* secrets.plist */,
				EDFDC90C253031F1004E0C00 /* secrets.template.plist */,
				EDFDC90F253033FF004E0C00 /* Secrets.swift */,
			);
			path = Secrets;
			sourceTree = "<group>";
		};
/* End PBXGroup section */

/* Begin PBXNativeTarget section */
		ED878A4A2514A3B60030A575 /* mina */ = {
			isa = PBXNativeTarget;
			buildConfigurationList = ED878A6A2514A3B90030A575 /* Build configuration list for PBXNativeTarget "mina" */;
			buildPhases = (
				ED878A472514A3B60030A575 /* Sources */,
				ED878A482514A3B60030A575 /* Frameworks */,
				ED878A492514A3B60030A575 /* Resources */,
				ED51EB03252AFFEF00E9959B /* Embed Frameworks */,
			);
			buildRules = (
			);
			dependencies = (
			);
			name = mina;
			packageProductDependencies = (
			);
			productName = mina;
			productReference = ED878A4B2514A3B60030A575 /* mina.app */;
			productType = "com.apple.product-type.application";
		};
		ED878A602514A3B90030A575 /* minaTests */ = {
			isa = PBXNativeTarget;
			buildConfigurationList = ED878A6D2514A3B90030A575 /* Build configuration list for PBXNativeTarget "minaTests" */;
			buildPhases = (
				ED878A5D2514A3B90030A575 /* Sources */,
				ED878A5E2514A3B90030A575 /* Frameworks */,
				ED878A5F2514A3B90030A575 /* Resources */,
			);
			buildRules = (
			);
			dependencies = (
				ED878A632514A3B90030A575 /* PBXTargetDependency */,
			);
			name = minaTests;
			productName = minaTests;
			productReference = ED878A612514A3B90030A575 /* minaTests.xctest */;
			productType = "com.apple.product-type.bundle.unit-test";
		};
/* End PBXNativeTarget section */

/* Begin PBXProject section */
		ED878A432514A3B60030A575 /* Project object */ = {
			isa = PBXProject;
			attributes = {
				LastSwiftUpdateCheck = 1170;
				LastUpgradeCheck = 1170;
				ORGANIZATIONNAME = "高橋篤樹";
				TargetAttributes = {
					ED878A4A2514A3B60030A575 = {
						CreatedOnToolsVersion = 11.7;
					};
					ED878A602514A3B90030A575 = {
						CreatedOnToolsVersion = 11.7;
						TestTargetID = ED878A4A2514A3B60030A575;
					};
				};
			};
			buildConfigurationList = ED878A462514A3B60030A575 /* Build configuration list for PBXProject "mina" */;
			compatibilityVersion = "Xcode 9.3";
			developmentRegion = en;
			hasScannedForEncodings = 0;
			knownRegions = (
				en,
				Base,
			);
			mainGroup = ED878A422514A3B60030A575;
			packageReferences = (
			);
			productRefGroup = ED878A4C2514A3B60030A575 /* Products */;
			projectDirPath = "";
			projectRoot = "";
			targets = (
				ED878A4A2514A3B60030A575 /* mina */,
				ED878A602514A3B90030A575 /* minaTests */,
			);
		};
/* End PBXProject section */

/* Begin PBXResourcesBuildPhase section */
		ED878A492514A3B60030A575 /* Resources */ = {
			isa = PBXResourcesBuildPhase;
			buildActionMask = 2147483647;
			files = (
				EDFDC90A25303189004E0C00 /* secrets.plist in Resources */,
				ED3C37F725651F50006F550B /* GetMe.graphql in Resources */,
				ED3C3803256559AE006F550B /* SendPartnerRequest.graphql in Resources */,
				ED878A5B2514A3B90030A575 /* LaunchScreen.storyboard in Resources */,
				EDFDC90D253031F1004E0C00 /* secrets.template.plist in Resources */,
				ED3C37FF2565249F006F550B /* SearchPartner.graphql in Resources */,
				ED878A582514A3B90030A575 /* Preview Assets.xcassets in Resources */,
				ED3C37FC256523A0006F550B /* SignupAsAnonymous.graphql in Resources */,
				EDC4978B256E773C0053B1F1 /* AcceptPartnerRequest.graphql in Resources */,
				EDD036F32583CAFD000C75CE /* AddCallSchedule.graphql in Resources */,
				ED878A552514A3B90030A575 /* Assets.xcassets in Resources */,
			);
			runOnlyForDeploymentPostprocessing = 0;
		};
		ED878A5F2514A3B90030A575 /* Resources */ = {
			isa = PBXResourcesBuildPhase;
			buildActionMask = 2147483647;
			files = (
			);
			runOnlyForDeploymentPostprocessing = 0;
		};
/* End PBXResourcesBuildPhase section */

/* Begin PBXSourcesBuildPhase section */
		ED878A472514A3B60030A575 /* Sources */ = {
			isa = PBXSourcesBuildPhase;
			buildActionMask = 2147483647;
			files = (
				ED878A752514FF730030A575 /* SigninWithAppleButton.swift in Sources */,
				EDFDC910253033FF004E0C00 /* Secrets.swift in Sources */,
				ED878A4F2514A3B60030A575 /* AppDelegate.swift in Sources */,
				ED878A79251B65460030A575 /* KeychainService.swift in Sources */,
				ED80F0F925A6F6B600FE094D /* GraphQL+AddCallSchedule.swift in Sources */,
				EDFDC8FA252CBD0F004E0C00 /* VideoWindow.swift in Sources */,
				ED878A512514A3B60030A575 /* SceneDelegate.swift in Sources */,
				ED80F0EC25A6AB0300FE094D /* GraphQL+GetMe.swift in Sources */,
				ED80F0EF25A6C41100FE094D /* GraphQL+SignupAsAnonymous.swift in Sources */,
				EDC4977C2567CAD00053B1F1 /* Card.swift in Sources */,
				ED3C38092567A9CD006F550B /* PartnerCard.swift in Sources */,
				ED3C38062566A26C006F550B /* FirstView.swift in Sources */,
				ED80F10025A8510F00FE094D /* GraphQL+SearchPartner.swift in Sources */,
				ED3C37DE25651799006F550B /* PartnerSearchView.swift in Sources */,
				ED26B153251C9EF400957F06 /* ApiService.swift in Sources */,
				ED80F0E625A45D5800FE094D /* OnboardingView.swift in Sources */,
				ED80F0F325A6F2A400FE094D /* GraphQL+SendPartnerRequest.swift in Sources */,
				ED2153FC25AD6A1E003973D7 /* GraphQL+SetApplePushToken.swift in Sources */,
				ED80F0F625A6F4BE00FE094D /* GraphQL+AcceptPartnerRequest.swift in Sources */,
				ED54ED5025835B0D00E01A41 /* RelationshipView.swift in Sources */,
				EDFDC904252E1AEC004E0C00 /* Store.swift in Sources */,
				ED3C38112567B2A0006F550B /* Color.swift in Sources */,
				ED26B14E251C969A00957F06 /* PushService.swift in Sources */,
				EDFDC900252E1A0C004E0C00 /* RootView.swift in Sources */,
				ED51EB0E252B16B200E9959B /* CallSessionManager.swift in Sources */,
				ED26B151251C9D4200957F06 /* User.swift in Sources */,
				ED80F0E925A6AABB00FE094D /* GraphQL.swift in Sources */,
				ED21540225AF564B003973D7 /* ErrorStore.swift in Sources */,
				EDFDC8F6252CBCB5004E0C00 /* VideoView.swift in Sources */,
				ED2153FF25AD9308003973D7 /* RequestPushNotification.swift in Sources */,
				ED4FE189251E61A20009420C /* CallService.swift in Sources */,
				EDC49784256D037F0053B1F1 /* PartnerRequest.swift in Sources */,
				EDFDC8FD252D7CA0004E0C00 /* SkyWayService.swift in Sources */,
				EDD036F0258391B2000C75CE /* AddCallScheduleView.swift in Sources */,
				EDC497782567C5CB0053B1F1 /* Relationship.swift in Sources */,
			);
			runOnlyForDeploymentPostprocessing = 0;
		};
		ED878A5D2514A3B90030A575 /* Sources */ = {
			isa = PBXSourcesBuildPhase;
			buildActionMask = 2147483647;
			files = (
				ED878A662514A3B90030A575 /* minaTests.swift in Sources */,
				ED80F0FC25A829E500FE094D /* GraphQLTests.swift in Sources */,
				EDC4978F2570DD5E0053B1F1 /* RelationshipTest.swift in Sources */,
			);
			runOnlyForDeploymentPostprocessing = 0;
		};
/* End PBXSourcesBuildPhase section */

/* Begin PBXTargetDependency section */
		ED878A632514A3B90030A575 /* PBXTargetDependency */ = {
			isa = PBXTargetDependency;
			target = ED878A4A2514A3B60030A575 /* mina */;
			targetProxy = ED878A622514A3B90030A575 /* PBXContainerItemProxy */;
		};
/* End PBXTargetDependency section */

/* Begin PBXVariantGroup section */
		ED878A592514A3B90030A575 /* LaunchScreen.storyboard */ = {
			isa = PBXVariantGroup;
			children = (
				ED878A5A2514A3B90030A575 /* Base */,
			);
			name = LaunchScreen.storyboard;
			sourceTree = "<group>";
		};
/* End PBXVariantGroup section */

/* Begin XCBuildConfiguration section */
		ED878A682514A3B90030A575 /* Debug */ = {
			isa = XCBuildConfiguration;
			buildSettings = {
				ALWAYS_SEARCH_USER_PATHS = NO;
				CLANG_ANALYZER_NONNULL = YES;
				CLANG_ANALYZER_NUMBER_OBJECT_CONVERSION = YES_AGGRESSIVE;
				CLANG_CXX_LANGUAGE_STANDARD = "gnu++14";
				CLANG_CXX_LIBRARY = "libc++";
				CLANG_ENABLE_MODULES = YES;
				CLANG_ENABLE_OBJC_ARC = YES;
				CLANG_ENABLE_OBJC_WEAK = YES;
				CLANG_WARN_BLOCK_CAPTURE_AUTORELEASING = YES;
				CLANG_WARN_BOOL_CONVERSION = YES;
				CLANG_WARN_COMMA = YES;
				CLANG_WARN_CONSTANT_CONVERSION = YES;
				CLANG_WARN_DEPRECATED_OBJC_IMPLEMENTATIONS = YES;
				CLANG_WARN_DIRECT_OBJC_ISA_USAGE = YES_ERROR;
				CLANG_WARN_DOCUMENTATION_COMMENTS = YES;
				CLANG_WARN_EMPTY_BODY = YES;
				CLANG_WARN_ENUM_CONVERSION = YES;
				CLANG_WARN_INFINITE_RECURSION = YES;
				CLANG_WARN_INT_CONVERSION = YES;
				CLANG_WARN_NON_LITERAL_NULL_CONVERSION = YES;
				CLANG_WARN_OBJC_IMPLICIT_RETAIN_SELF = YES;
				CLANG_WARN_OBJC_LITERAL_CONVERSION = YES;
				CLANG_WARN_OBJC_ROOT_CLASS = YES_ERROR;
				CLANG_WARN_RANGE_LOOP_ANALYSIS = YES;
				CLANG_WARN_STRICT_PROTOTYPES = YES;
				CLANG_WARN_SUSPICIOUS_MOVE = YES;
				CLANG_WARN_UNGUARDED_AVAILABILITY = YES_AGGRESSIVE;
				CLANG_WARN_UNREACHABLE_CODE = YES;
				CLANG_WARN__DUPLICATE_METHOD_MATCH = YES;
				COPY_PHASE_STRIP = NO;
				DEBUG_INFORMATION_FORMAT = dwarf;
				ENABLE_STRICT_OBJC_MSGSEND = YES;
				ENABLE_TESTABILITY = YES;
				GCC_C_LANGUAGE_STANDARD = gnu11;
				GCC_DYNAMIC_NO_PIC = NO;
				GCC_NO_COMMON_BLOCKS = YES;
				GCC_OPTIMIZATION_LEVEL = 0;
				GCC_PREPROCESSOR_DEFINITIONS = (
					"DEBUG=1",
					"$(inherited)",
				);
				GCC_WARN_64_TO_32_BIT_CONVERSION = YES;
				GCC_WARN_ABOUT_RETURN_TYPE = YES_ERROR;
				GCC_WARN_UNDECLARED_SELECTOR = YES;
				GCC_WARN_UNINITIALIZED_AUTOS = YES_AGGRESSIVE;
				GCC_WARN_UNUSED_FUNCTION = YES;
				GCC_WARN_UNUSED_VARIABLE = YES;
				IPHONEOS_DEPLOYMENT_TARGET = 13.7;
				MTL_ENABLE_DEBUG_INFO = INCLUDE_SOURCE;
				MTL_FAST_MATH = YES;
				ONLY_ACTIVE_ARCH = YES;
				SDKROOT = iphoneos;
				SWIFT_ACTIVE_COMPILATION_CONDITIONS = DEBUG;
				SWIFT_OPTIMIZATION_LEVEL = "-Onone";
			};
			name = Debug;
		};
		ED878A692514A3B90030A575 /* Release */ = {
			isa = XCBuildConfiguration;
			buildSettings = {
				ALWAYS_SEARCH_USER_PATHS = NO;
				CLANG_ANALYZER_NONNULL = YES;
				CLANG_ANALYZER_NUMBER_OBJECT_CONVERSION = YES_AGGRESSIVE;
				CLANG_CXX_LANGUAGE_STANDARD = "gnu++14";
				CLANG_CXX_LIBRARY = "libc++";
				CLANG_ENABLE_MODULES = YES;
				CLANG_ENABLE_OBJC_ARC = YES;
				CLANG_ENABLE_OBJC_WEAK = YES;
				CLANG_WARN_BLOCK_CAPTURE_AUTORELEASING = YES;
				CLANG_WARN_BOOL_CONVERSION = YES;
				CLANG_WARN_COMMA = YES;
				CLANG_WARN_CONSTANT_CONVERSION = YES;
				CLANG_WARN_DEPRECATED_OBJC_IMPLEMENTATIONS = YES;
				CLANG_WARN_DIRECT_OBJC_ISA_USAGE = YES_ERROR;
				CLANG_WARN_DOCUMENTATION_COMMENTS = YES;
				CLANG_WARN_EMPTY_BODY = YES;
				CLANG_WARN_ENUM_CONVERSION = YES;
				CLANG_WARN_INFINITE_RECURSION = YES;
				CLANG_WARN_INT_CONVERSION = YES;
				CLANG_WARN_NON_LITERAL_NULL_CONVERSION = YES;
				CLANG_WARN_OBJC_IMPLICIT_RETAIN_SELF = YES;
				CLANG_WARN_OBJC_LITERAL_CONVERSION = YES;
				CLANG_WARN_OBJC_ROOT_CLASS = YES_ERROR;
				CLANG_WARN_RANGE_LOOP_ANALYSIS = YES;
				CLANG_WARN_STRICT_PROTOTYPES = YES;
				CLANG_WARN_SUSPICIOUS_MOVE = YES;
				CLANG_WARN_UNGUARDED_AVAILABILITY = YES_AGGRESSIVE;
				CLANG_WARN_UNREACHABLE_CODE = YES;
				CLANG_WARN__DUPLICATE_METHOD_MATCH = YES;
				COPY_PHASE_STRIP = NO;
				DEBUG_INFORMATION_FORMAT = "dwarf-with-dsym";
				ENABLE_NS_ASSERTIONS = NO;
				ENABLE_STRICT_OBJC_MSGSEND = YES;
				GCC_C_LANGUAGE_STANDARD = gnu11;
				GCC_NO_COMMON_BLOCKS = YES;
				GCC_WARN_64_TO_32_BIT_CONVERSION = YES;
				GCC_WARN_ABOUT_RETURN_TYPE = YES_ERROR;
				GCC_WARN_UNDECLARED_SELECTOR = YES;
				GCC_WARN_UNINITIALIZED_AUTOS = YES_AGGRESSIVE;
				GCC_WARN_UNUSED_FUNCTION = YES;
				GCC_WARN_UNUSED_VARIABLE = YES;
				IPHONEOS_DEPLOYMENT_TARGET = 13.7;
				MTL_ENABLE_DEBUG_INFO = NO;
				MTL_FAST_MATH = YES;
				SDKROOT = iphoneos;
				SWIFT_COMPILATION_MODE = wholemodule;
				SWIFT_OPTIMIZATION_LEVEL = "-O";
				VALIDATE_PRODUCT = YES;
			};
			name = Release;
		};
		ED878A6B2514A3B90030A575 /* Debug */ = {
			isa = XCBuildConfiguration;
			buildSettings = {
				ASSETCATALOG_COMPILER_APPICON_NAME = AppIcon;
				CODE_SIGN_ENTITLEMENTS = mina/mina.entitlements;
				CODE_SIGN_IDENTITY = "Apple Development";
				CODE_SIGN_STYLE = Automatic;
				DEVELOPMENT_ASSET_PATHS = "\"mina/Preview Content\"";
				DEVELOPMENT_TEAM = BN74D86Y99;
				ENABLE_PREVIEWS = YES;
				FRAMEWORK_SEARCH_PATHS = (
					"$(inherited)",
					"$(PROJECT_DIR)",
					"$(PROJECT_DIR)/Frameworks",
				);
				INFOPLIST_FILE = mina/Info.plist;
				LD_RUNPATH_SEARCH_PATHS = (
					"$(inherited)",
					"@executable_path/Frameworks",
				);
				PRODUCT_BUNDLE_IDENTIFIER = me.atsuki.mina;
				PRODUCT_NAME = "$(TARGET_NAME)";
				PROVISIONING_PROFILE_SPECIFIER = "";
				SWIFT_VERSION = 5.0;
				TARGETED_DEVICE_FAMILY = "1,2";
			};
			name = Debug;
		};
		ED878A6C2514A3B90030A575 /* Release */ = {
			isa = XCBuildConfiguration;
			buildSettings = {
				ASSETCATALOG_COMPILER_APPICON_NAME = AppIcon;
				CODE_SIGN_ENTITLEMENTS = mina/mina.entitlements;
				CODE_SIGN_IDENTITY = "Apple Development";
				CODE_SIGN_STYLE = Automatic;
				DEVELOPMENT_ASSET_PATHS = "\"mina/Preview Content\"";
				DEVELOPMENT_TEAM = BN74D86Y99;
				ENABLE_PREVIEWS = YES;
				FRAMEWORK_SEARCH_PATHS = (
					"$(inherited)",
					"$(PROJECT_DIR)",
					"$(PROJECT_DIR)/Frameworks",
				);
				INFOPLIST_FILE = mina/Info.plist;
				LD_RUNPATH_SEARCH_PATHS = (
					"$(inherited)",
					"@executable_path/Frameworks",
				);
				PRODUCT_BUNDLE_IDENTIFIER = me.atsuki.mina;
				PRODUCT_NAME = "$(TARGET_NAME)";
				PROVISIONING_PROFILE_SPECIFIER = "";
				SWIFT_VERSION = 5.0;
				TARGETED_DEVICE_FAMILY = "1,2";
			};
			name = Release;
		};
		ED878A6E2514A3B90030A575 /* Debug */ = {
			isa = XCBuildConfiguration;
			buildSettings = {
				ALWAYS_EMBED_SWIFT_STANDARD_LIBRARIES = YES;
				BUNDLE_LOADER = "$(TEST_HOST)";
				CODE_SIGN_STYLE = Automatic;
				DEVELOPMENT_TEAM = BN74D86Y99;
				INFOPLIST_FILE = minaTests/Info.plist;
				IPHONEOS_DEPLOYMENT_TARGET = 13.7;
				LD_RUNPATH_SEARCH_PATHS = (
					"$(inherited)",
					"@executable_path/Frameworks",
					"@loader_path/Frameworks",
				);
				PRODUCT_BUNDLE_IDENTIFIER = me.atsuki.minaTests;
				PRODUCT_NAME = "$(TARGET_NAME)";
				SWIFT_VERSION = 5.0;
				TARGETED_DEVICE_FAMILY = "1,2";
				TEST_HOST = "$(BUILT_PRODUCTS_DIR)/mina.app/mina";
			};
			name = Debug;
		};
		ED878A6F2514A3B90030A575 /* Release */ = {
			isa = XCBuildConfiguration;
			buildSettings = {
				ALWAYS_EMBED_SWIFT_STANDARD_LIBRARIES = YES;
				BUNDLE_LOADER = "$(TEST_HOST)";
				CODE_SIGN_STYLE = Automatic;
				DEVELOPMENT_TEAM = BN74D86Y99;
				INFOPLIST_FILE = minaTests/Info.plist;
				IPHONEOS_DEPLOYMENT_TARGET = 13.7;
				LD_RUNPATH_SEARCH_PATHS = (
					"$(inherited)",
					"@executable_path/Frameworks",
					"@loader_path/Frameworks",
				);
				PRODUCT_BUNDLE_IDENTIFIER = me.atsuki.minaTests;
				PRODUCT_NAME = "$(TARGET_NAME)";
				SWIFT_VERSION = 5.0;
				TARGETED_DEVICE_FAMILY = "1,2";
				TEST_HOST = "$(BUILT_PRODUCTS_DIR)/mina.app/mina";
			};
			name = Release;
		};
/* End XCBuildConfiguration section */

/* Begin XCConfigurationList section */
		ED878A462514A3B60030A575 /* Build configuration list for PBXProject "mina" */ = {
			isa = XCConfigurationList;
			buildConfigurations = (
				ED878A682514A3B90030A575 /* Debug */,
				ED878A692514A3B90030A575 /* Release */,
			);
			defaultConfigurationIsVisible = 0;
			defaultConfigurationName = Release;
		};
		ED878A6A2514A3B90030A575 /* Build configuration list for PBXNativeTarget "mina" */ = {
			isa = XCConfigurationList;
			buildConfigurations = (
				ED878A6B2514A3B90030A575 /* Debug */,
				ED878A6C2514A3B90030A575 /* Release */,
			);
			defaultConfigurationIsVisible = 0;
			defaultConfigurationName = Release;
		};
		ED878A6D2514A3B90030A575 /* Build configuration list for PBXNativeTarget "minaTests" */ = {
			isa = XCConfigurationList;
			buildConfigurations = (
				ED878A6E2514A3B90030A575 /* Debug */,
				ED878A6F2514A3B90030A575 /* Release */,
			);
			defaultConfigurationIsVisible = 0;
			defaultConfigurationName = Release;
		};
/* End XCConfigurationList section */
	};
	rootObject = ED878A432514A3B60030A575 /* Project object */;
}
